{
  "nodes": {
    "flake-compat": {
      "flake": false,
      "locked": {
        "lastModified": 1696426674,
        "narHash": "sha256-kvjfFW7WAETZlt09AgDn1MrtKzP7t90Vf7vypd3OL1U=",
        "owner": "edolstra",
        "repo": "flake-compat",
        "rev": "0f9255e01c2351cc7d116c072cb317785dd33b33",
        "type": "github"
      },
      "original": {
        "owner": "edolstra",
        "repo": "flake-compat",
        "type": "github"
      }
    },
    "flake-utils": {
      "inputs": {
        "systems": "systems"
      },
      "locked": {
        "lastModified": 1710146030,
        "narHash": "sha256-SZ5L6eA7HJ/nmkzGG7/ISclqe6oZdOZTNoesiInkXPQ=",
        "owner": "numtide",
        "repo": "flake-utils",
        "rev": "b1d9ab70662946ef0850d488da1c9019f3a9752a",
        "type": "github"
      },
      "original": {
        "owner": "numtide",
        "repo": "flake-utils",
        "type": "github"
      }
    },
    "hls": {
      "inputs": {
        "flake-compat": "flake-compat",
        "flake-utils": [
          "flake-utils"
        ],
        "nixpkgs": "nixpkgs"
      },
      "locked": {
<<<<<<< Updated upstream
        "lastModified": 1717874339,
        "narHash": "sha256-HtPgWVTMukUfVI3mLUBqqL7tiW6Ip74SGyh5/7xU2lk=",
||||||| Stash base
        "lastModified": 1717226001,
        "narHash": "sha256-Iyb3ToEW5I0i7Cll2gWaZ8sDmpvNBWY9eYhUoGLrL2Y=",
=======
        "lastModified": 1717940954,
        "narHash": "sha256-NfE1PGnY+ERqfrzqCyI+6W43Jw/1SpRTV1gAdWdeLeE=",
>>>>>>> Stashed changes
        "owner": "haskell",
        "repo": "haskell-language-server",
<<<<<<< Updated upstream
        "rev": "82da33707f2cb433f6bbcc22cd32750d6462fa0f",
||||||| Stash base
        "rev": "00b6d3681f5b955b160259b2fdf01df50d00dfe8",
=======
        "rev": "e9c2f5520137e2e71c20fab39c4f4abe2cfd83ea",
>>>>>>> Stashed changes
        "type": "github"
      },
      "original": {
        "owner": "haskell",
        "repo": "haskell-language-server",
        "type": "github"
      }
    },
    "nix-filter": {
      "locked": {
        "lastModified": 1710156097,
        "narHash": "sha256-1Wvk8UP7PXdf8bCCaEoMnOT1qe5/Duqgj+rL8sRQsSM=",
        "owner": "numtide",
        "repo": "nix-filter",
        "rev": "3342559a24e85fc164b295c3444e8a139924675b",
        "type": "github"
      },
      "original": {
        "owner": "numtide",
        "repo": "nix-filter",
        "type": "github"
      }
    },
    "nixpkgs": {
      "locked": {
        "lastModified": 1705623190,
        "narHash": "sha256-mKwUzDaqnZHO3MIfh6Vg2cT7H/5KVvy3mvTipiU1Jt0=",
        "owner": "NixOS",
        "repo": "nixpkgs",
        "rev": "9a3af09826447de299cc31571b07c0ebb8bc37a0",
        "type": "github"
      },
      "original": {
        "owner": "NixOS",
        "ref": "haskell-updates",
        "repo": "nixpkgs",
        "type": "github"
      }
    },
    "nixpkgs24_05": {
      "locked": {
<<<<<<< Updated upstream
        "lastModified": 1717895720,
        "narHash": "sha256-Dl6JKx1rIDEuv4q9rtlt9QwyerSQbrk1bUtNHzx9bIY=",
||||||| Stash base
        "lastModified": 1717406828,
        "narHash": "sha256-3Elk5hOFKkas+JwIEbYHu3Cw0z7F18vx+1v8fNYGZqc=",
=======
        "lastModified": 1717942938,
        "narHash": "sha256-hlXoHgj792Rs4vDz2fZKyVh5HzpRuN2p8R2P57w1fwI=",
>>>>>>> Stashed changes
        "owner": "NixOS",
        "repo": "nixpkgs",
<<<<<<< Updated upstream
        "rev": "0e0826ec06d2b3db8e28e280d68179f022b1d160",
||||||| Stash base
        "rev": "7b7774f5431ea2faed7c5eb9b612f42f718d10e3",
=======
        "rev": "cb6df149e8f4eaa578dbc74354d95aa7d637fc18",
>>>>>>> Stashed changes
        "type": "github"
      },
      "original": {
        "owner": "NixOS",
        "ref": "release-24.05",
        "repo": "nixpkgs",
        "type": "github"
      }
    },
    "nixpkgsMaster": {
      "locked": {
<<<<<<< Updated upstream
        "lastModified": 1717893485,
        "narHash": "sha256-WMU6ZRZrBgEUDIF0siu2aIyVAXcxfElSwzZtS/mSpN4=",
||||||| Stash base
        "lastModified": 1717293153,
        "narHash": "sha256-ggbyGWwtTJ0AyDYSTkmmRMDgjO5eK9gwHZ3KKmqr2I8=",
=======
        "lastModified": 1717943353,
        "narHash": "sha256-rOYgOsBnQCYztl4SSHVGkF0N9g5M2ZNDfwdJskxdfu8=",
>>>>>>> Stashed changes
        "owner": "NixOS",
        "repo": "nixpkgs",
<<<<<<< Updated upstream
        "rev": "3bcedce9f4de37570242faf16e1e143583407eab",
||||||| Stash base
        "rev": "e164f2bfd689cee654be0ec224c101dee1d59f80",
=======
        "rev": "7cd0a0621ac42e04f3bb90b39e165d61a8b3cdfe",
>>>>>>> Stashed changes
        "type": "github"
      },
      "original": {
        "owner": "NixOS",
        "ref": "master",
        "repo": "nixpkgs",
        "type": "github"
      }
    },
    "root": {
      "inputs": {
        "flake-utils": "flake-utils",
        "hls": "hls",
        "nix-filter": "nix-filter",
        "nixpkgs24_05": "nixpkgs24_05",
        "nixpkgsMaster": "nixpkgsMaster"
      }
    },
    "systems": {
      "locked": {
        "lastModified": 1681028828,
        "narHash": "sha256-Vy1rq5AaRuLzOxct8nz4T6wlgyUR7zLU309k9mBC768=",
        "owner": "nix-systems",
        "repo": "default",
        "rev": "da67096a3b9bf56a91d16901293e51ba5b49a27e",
        "type": "github"
      },
      "original": {
        "owner": "nix-systems",
        "repo": "default",
        "type": "github"
      }
    }
  },
  "root": "root",
  "version": 7
}
