# This file was autogenerated by Stack.
# You should not edit this file by hand.
# For more information, please see the documentation at:
#   https://docs.haskellstack.org/en/stable/lock_files

packages:
- completed:
    hackage: Chart-cairo-1.9.3@sha256:5d6f005b5d3d74453a979eb2c6a1777c92ce02eae9e019abbe03a0e008cb8aea,924
    pantry-tree:
      sha256: 204f29235d182cc8c8ab40d0a37387e78c1dadc684e190c85e1643521483e681
      size: 238
  original:
    hackage: Chart-cairo-1.9.3
- completed:
    hackage: diagrams-cairo-1.4.2@sha256:42807c226188653ab668baceab8fa2245149ed1fc9df595f6e77613ed1259424,3799
    pantry-tree:
      sha256: 02aadeb755a93b3a777c6efb597ef33a5a5c2ebcf28e4de7404ce8f1c23e7f1c
      size: 721
  original:
    hackage: diagrams-cairo-1.4.2
- completed:
    hackage: cairo-0.13.8.2@sha256:ef1709c3c4d2c6d68a9a51d9f220dccc0745f6468d2d0868c15a7ecdf8f325a1,4078
    pantry-tree:
      sha256: d6a9b3a15bc2e7b53fda331279cfdbc299fbf0c4be2ee8c1b6b79b924b6fdeb4
      size: 2830
  original:
    hackage: cairo-0.13.8.2
- completed:
    hackage: pango-0.13.8.2@sha256:d4057ebddade4cde3e25d7755b5e030e7a7e56fe7365afd37916a7bba46d3fd9,3917
    pantry-tree:
      sha256: 10c335853e1d43e0b7426b33e8ddbdb90b3e318ebec4d58f0726a2f4cfb2e1c9
      size: 1506
  original:
    hackage: pango-0.13.8.2
- completed:
    hackage: glib-0.13.8.2@sha256:f44b829e741b3c3244d523f60b058701dfc067ff64c2ba61d43be4cccfc2663d,3156
    pantry-tree:
      sha256: 2442a22152231a94e2f1ecfe7ddc0f4e5fb2d5ae116b371508a448bd3312ef06
      size: 1625
  original:
    hackage: glib-0.13.8.2
- completed:
    hackage: plot-0.2.3.11@sha256:9564d62da798b74a5ab875996f45adf1c3071e161247faa9a9d1b036e6634a4a,4413
    pantry-tree:
      sha256: 2b9cb15fa582d3cdc9f43e6ffaf401e36535909b3620c5f54bd9b7cca5dfeb44
      size: 2704
  original:
    hackage: plot-0.2.3.11
- completed:
    hackage: statestack-0.3@sha256:437941f253bc7a6d8321e67938667bae53d7765b256a45976accadd85f6e1703,1146
    pantry-tree:
      sha256: 5b0ba98ac695eccbba33aae8eccf2b6dd8aa3d16d38db65e9e4c231aaa5e4082
      size: 272
  original:
    hackage: statestack-0.3
snapshots:
- completed:
    sha256: 6d1532d40621957a25bad5195bfca7938e8a06d923c91bc52aa0f3c41181f2d4
    size: 619204
    url: https://raw.githubusercontent.com/commercialhaskell/stackage-snapshots/master/lts/19/33.yaml
  original: lts-19.33
