# This file was autogenerated by Stack.
# You should not edit this file by hand.
# For more information, please see the documentation at:
#   https://docs.haskellstack.org/en/stable/lock_files

packages:
- completed:
    hackage: magic-1.1@sha256:3a31ca1c49fa5f6a857f647471739bd240a6020af6ae43e71fb72201fc482fa2,928
    pantry-tree:
      sha256: 8fd594932f36cdf6a93266c48248a6c516d2aa237cd023eed6935ccee7ed230b
      size: 535
  original:
    hackage: magic-1.1
- completed:
    hackage: Chart-1.9@sha256:f41568b6b3704f66c2ec163295b430ab7d798f91de426c2d5aba747d1135cd9b,2855
    pantry-tree:
      sha256: aaf8b3f35af0012324865cb24c7989dfc794e8dab3eb2152e949cf5243a451ca
      size: 3031
  original:
    hackage: Chart-1.9
- completed:
    hackage: Chart-cairo-1.9@sha256:82875639be230c9406dbea650647b2dc94b11060160d6dad2c98551bb23d544f,877
    pantry-tree:
      sha256: 3eef9a2fdb682a95f5a60e66258d5b6036e9b8c19a7260f626ddda2d30113055
      size: 238
  original:
    hackage: Chart-cairo-1.9
- completed:
    hackage: plot-0.2.3.9@sha256:85d157a5c1fef7068ffb74137bb56475f18c93c35f57bf76b38d95d46930fed0,4342
    pantry-tree:
      sha256: bc80948074253bd37c2b02dbae92b8cf28474f26ae6edbb5ec34cd6b5445e7f9
      size: 2704
  original:
    hackage: plot-0.2.3.9
snapshots:
- completed:
    sha256: 95f014df58d0679b1c4a2b7bf2b652b61da8d30de5f571abb0d59015ef678646
    size: 509471
    url: https://raw.githubusercontent.com/commercialhaskell/stackage-snapshots/master/lts/12/26.yaml
  original: lts-12.26
