# This file was autogenerated by Stack.
# You should not edit this file by hand.
# For more information, please see the documentation at:
#   https://docs.haskellstack.org/en/stable/lock_files

packages:
- completed:
    hackage: active-0.2.0.14@sha256:e618aba4a7881eb85dc1585e0a01230af6b4fbab6693931e4a5d0d3a5b184406,1823
    pantry-tree:
      sha256: 9326ee3500f7bb1adea18f581dc51ebdb522677d8cddc847a506ba5d328ee723
      size: 1017
  original:
    hackage: active-0.2.0.14
- completed:
    hackage: Chart-cairo-1.9.3@sha256:5d6f005b5d3d74453a979eb2c6a1777c92ce02eae9e019abbe03a0e008cb8aea,924
    pantry-tree:
      sha256: 204f29235d182cc8c8ab40d0a37387e78c1dadc684e190c85e1643521483e681
      size: 238
  original:
    hackage: Chart-cairo-1.9.3
- completed:
    hackage: diagrams-1.4@sha256:3e36369e84115b900fd9dcb570672a188339a470eb19ca62170775cd835cf8ca,5483
    pantry-tree:
      sha256: 8f2ea432c67f4711446942e032be53ed7dc49c1b1dd7d26ff71fbd4d05a02c4d
      size: 208
  original:
    hackage: diagrams-1.4
- completed:
    hackage: diagrams-cairo-1.4.1.1@sha256:8b62e90fcb0a2c9343f594940698a148b2e778b203f3297c0bed3097d34b559a,3801
    pantry-tree:
      sha256: de94736d9aa3f321e9d621667e41ac029f47fe9956ee625eb46920bd9c3c7f80
      size: 721
  original:
    hackage: diagrams-cairo-1.4.1.1
- completed:
    hackage: diagrams-contrib-1.4.4@sha256:77c87ab5c780086eca845df233d3b6816a2aed82a80b7f4abe5ce1259801924b,4753
    pantry-tree:
      sha256: 6f1a006bf528662f4f34e02207571669af6dab6966c64c0558559dfc16c43bf8
      size: 11387
  original:
    hackage: diagrams-contrib-1.4.4
- completed:
    hackage: diagrams-core-1.5.0@sha256:8ffd24eb97ce309b41c52e5fa3a8acee5e4063565919eb4d41abb5c219b3d49b,2971
    pantry-tree:
      sha256: 670806e0af1e31792557a3bc2c4ffe4c39929fea718c3071eb4702c4512c9795
      size: 2018
  original:
    hackage: diagrams-core-1.5.0
- completed:
    hackage: diagrams-lib-1.4.4@sha256:1129be254377b926ce2e932113e4bd06256de878d163fbcbacacf1be97bdf3b0,8220
    pantry-tree:
      sha256: a96099f5e6e4c3236dd2c2dd301e5498a1dd4b968a05dcec144c46eb53e6d912
      size: 11604
  original:
    hackage: diagrams-lib-1.4.4
- completed:
    hackage: diagrams-svg-1.4.3@sha256:407ff78cb7bd1f44c68b0059036186f17a281a053901e29d0139ab151e703247,3159
    pantry-tree:
      sha256: 53c2221ee415d9bfc2f0dd886b67b1edbfdb91f68e809b43cf0bb830fc870ad7
      size: 475
  original:
    hackage: diagrams-svg-1.4.3
- completed:
    hackage: cairo-0.13.8.1@sha256:1938aaeb5d3504678d995774dfe870f6b66cbd43d336b692fa8779b23b2b67a9,4075
    pantry-tree:
      sha256: 8f6344da4c578a4dd3a49c333e2158b695bfae32a74d34a76bbc6e531b70c95c
      size: 2830
  original:
    hackage: cairo-0.13.8.1
- completed:
    hackage: pango-0.13.8.1@sha256:877b121c0bf87c96d3619effae6751ecfd74b7f7f3227cf3fde012597aed5ed9,3917
    pantry-tree:
      sha256: eec456a3d16f1a9305196a86a7c49a6f2cfe1b041a50b02059dc4898a07a3bd9
      size: 1506
  original:
    hackage: pango-0.13.8.1
- completed:
    hackage: glib-0.13.8.1@sha256:42670daf0c85309281e08ba8559df75daa2e3be642e79fdfa781bef5e59658b0,3156
    pantry-tree:
      sha256: 1167575db8823b7a9f5fbaebdbc0ea5cef54301e442754ec256ba9371bd388e7
      size: 1625
  original:
    hackage: glib-0.13.8.1
- completed:
    hackage: gtk2hs-buildtools-0.13.8.3@sha256:207229eee7abff12aba2740b32131522086275e46f2e72a0f5bbc3cb781e9d4d,5304
    pantry-tree:
      sha256: 1f93c6dbf2573503c48019fdf9f4662dcac494beaecccaea1873ec901eb2152f
      size: 3588
  original:
    hackage: gtk2hs-buildtools-0.13.8.3
- completed:
    hackage: plot-0.2.3.11@sha256:9564d62da798b74a5ab875996f45adf1c3071e161247faa9a9d1b036e6634a4a,4413
    pantry-tree:
      sha256: 2b9cb15fa582d3cdc9f43e6ffaf401e36535909b3620c5f54bd9b7cca5dfeb44
      size: 2704
  original:
    hackage: plot-0.2.3.11
- completed:
    hackage: statestack-0.3@sha256:437941f253bc7a6d8321e67938667bae53d7765b256a45976accadd85f6e1703,1146
    pantry-tree:
      sha256: 5b0ba98ac695eccbba33aae8eccf2b6dd8aa3d16d38db65e9e4c231aaa5e4082
      size: 272
  original:
    hackage: statestack-0.3
- completed:
    hackage: dual-tree-0.2.2.1@sha256:9ff31e461d873ae74ba51d93b454c0c4094726d7cb78a0c454394c965e83539d,2830
    pantry-tree:
      sha256: 70ea91862ac301648d63e9c69d0ff8154b1d3c9c632d224d4002c027861ec33e
      size: 387
  original:
    hackage: dual-tree-0.2.2.1
- completed:
    hackage: monoid-extras-0.6@sha256:fabcab0a59ac48d8f271016cf8190b21969b202c760df2db85add2fef93d38b4,2197
    pantry-tree:
      sha256: b07d7eef465c7cbc2f5c8368ef98b8a746166cb6953c1f51643f9fba6ead99e0
      size: 1187
  original:
    hackage: monoid-extras-0.6
- completed:
    hackage: svg-builder-0.1.1@sha256:87d09f56d5630ce126574e9f00d1adc7f53dda58270e689f5883431db3ba4b3a,1591
    pantry-tree:
      sha256: 1185b1d09ed186b0b3c5b2dc3d9422830c79c3eaa1342f751e5c66d07c397754
      size: 535
  original:
    hackage: svg-builder-0.1.1
- completed:
    hackage: force-layout-0.4.0.6@sha256:9270e4333ac3bac705d1ed742523b31849dfa7df48a3721f98e2ac05bc07dbd0,1321
    pantry-tree:
      sha256: 062299837db65635bbdd24ad621bf08e25e0e67f0adfbf2a2021a4d65822f014
      size: 276
  original:
    hackage: force-layout-0.4.0.6
snapshots:
- completed:
    sha256: 79a786674930a89301b0e908fad2822a48882f3d01486117693c377b8edffdbe
    size: 590102
    url: https://raw.githubusercontent.com/commercialhaskell/stackage-snapshots/master/lts/18/27.yaml
  original: lts-18.27
