# This file was autogenerated by Stack.
# You should not edit this file by hand.
# For more information, please see the documentation at:
#   https://docs.haskellstack.org/en/stable/lock_files

packages:
- completed:
    hackage: Chart-cairo-1.9.1@sha256:85605a4663f319e482bbd208c1e44c3cc8e0ec094fcd41b6afa3db4ce60635b0,925
    pantry-tree:
      sha256: 832739931c5d84c3c7b357782dd75cda9548a496f0be21cd1163e2b5e14fd89c
      size: 238
  original:
    hackage: Chart-cairo-1.9.1
- completed:
    hackage: diagrams-cairo-1.4.1@sha256:e08f15a15146da9222344fbc433ccd6103c0a7f1e9dfe21bb1e3d3e36ad83947,3820
    pantry-tree:
      sha256: d046241de911d534c4b554d24090412cedeffb46e92cb5fb3884b5c667f5fc72
      size: 721
  original:
    hackage: diagrams-cairo-1.4.1
- completed:
    hackage: cairo-0.13.6.0@sha256:a9122d48957a2dbb5a177e5068b850efa1e99bb22c68eb2571165c3c945a8dd6,4187
    pantry-tree:
      sha256: 180df55408086398e9901a6bcb2720da6fcecac5f57abcdb4df1251a686f1bb7
      size: 2830
  original:
    hackage: cairo-0.13.6.0
- completed:
    hackage: pango-0.13.6.1@sha256:177c9b6d865dc8f1634742497c6807a7c37a11e86c0dc93fbc047981d546738a,3881
    pantry-tree:
      sha256: 216bb39cdc265804f6ddd30c00c82ab156c17dcf8577b85527c287a21b4cb9fb
      size: 1506
  original:
    hackage: pango-0.13.6.1
- completed:
    hackage: glib-0.13.7.1@sha256:b517bbbc46f8bd72a8c97fb1d6769705a9b0d006f7cff8b3dc85948511817b11,3120
    pantry-tree:
      sha256: d7218c2ed9890d7b07030601980f62a57d5e888f656db5f32c3017ec7551a0d2
      size: 1625
  original:
    hackage: glib-0.13.7.1
- completed:
    hackage: gtk2hs-buildtools-0.13.5.4@sha256:0f18b0103fa7a3cbc28edc6a97bdaf08e1f9bd273ef26d2ad498630ec6d0ac9c,5288
    pantry-tree:
      sha256: df6fdd3aaf8b9d3dd420b5c5906751d7399f1999607b396141d1493c76472e1b
      size: 3588
  original:
    hackage: gtk2hs-buildtools-0.13.5.4
- completed:
    hackage: magic-1.1@sha256:3a31ca1c49fa5f6a857f647471739bd240a6020af6ae43e71fb72201fc482fa2,928
    pantry-tree:
      sha256: 8fd594932f36cdf6a93266c48248a6c516d2aa237cd023eed6935ccee7ed230b
      size: 535
  original:
    hackage: magic-1.1
snapshots:
- completed:
    sha256: 7ea31a280c56bf36ff591a7397cc384d0dff622e7f9e4225b47d8980f019a0f0
    size: 524996
    url: https://raw.githubusercontent.com/commercialhaskell/stackage-snapshots/master/lts/14/27.yaml
  original: lts-14.27
