# This file was autogenerated by Stack.
# You should not edit this file by hand.
# For more information, please see the documentation at:
#   https://docs.haskellstack.org/en/stable/lock_files

packages:
- completed:
    commit: dfa26022b5815bcd6a5dd6c818fcd2c4d25c6d44
    git: https://github.com/codedownio/haskell-plot.git
    name: plot
    pantry-tree:
      sha256: f79914b2d62db05a5aa7e1c36ef5fc887270582255172433449ef252aa1d1057
      size: 2855
    version: 0.2.3.11
  original:
    commit: dfa26022b5815bcd6a5dd6c818fcd2c4d25c6d44
    git: https://github.com/codedownio/haskell-plot.git
snapshots:
- completed:
    sha256: 3a1d76b27b77ecf9541ee3723756ff85d7bca58340a6858e760a1d7ef4d055bd
    size: 698983
    url: https://raw.githubusercontent.com/commercialhaskell/stackage-snapshots/master/nightly/2023/11/23.yaml
  original: nightly-2023-11-23
