# This file was autogenerated by Stack.
# You should not edit this file by hand.
# For more information, please see the documentation at:
#   https://docs.haskellstack.org/en/stable/lock_files

packages:
- completed:
    hackage: Chart-cairo-1.9.3@sha256:5d6f005b5d3d74453a979eb2c6a1777c92ce02eae9e019abbe03a0e008cb8aea,924
    pantry-tree:
      sha256: 204f29235d182cc8c8ab40d0a37387e78c1dadc684e190c85e1643521483e681
      size: 238
  original:
    hackage: Chart-cairo-1.9.3
- completed:
    hackage: diagrams-cairo-1.4.1.1@sha256:8b62e90fcb0a2c9343f594940698a148b2e778b203f3297c0bed3097d34b559a,3801
    pantry-tree:
      sha256: de94736d9aa3f321e9d621667e41ac029f47fe9956ee625eb46920bd9c3c7f80
      size: 721
  original:
    hackage: diagrams-cairo-1.4.1.1
- completed:
    hackage: cairo-0.13.10.0@sha256:388f39af90d50b920cad70612046041a7ffd7f5b60721862c0c797ecddf7e902,4153
    pantry-tree:
      sha256: a5d7014b0df2600377d061185b104f755274935554e723e2b7b600b85ffc7ae2
      size: 2831
  original:
    hackage: cairo-0.13.10.0
- completed:
    hackage: pango-0.13.10.0@sha256:4c7fc6187aadc2f3905a8fae7318ceccbb2af88134922536e3f4cae8640978dc,4081
    pantry-tree:
      sha256: acff0fc47176a959f14703e86704a0b5935aaabe84db245d03086061879179cf
      size: 1506
  original:
    hackage: pango-0.13.10.0
- completed:
    hackage: glib-0.13.10.0@sha256:e136db5cb19cbec17f823e919a0b44c12e50a90296d03c9d0c54761200611267,3171
    pantry-tree:
      sha256: 2e513e6a9b5d5fa1603f832bfda6dee4cb3d77425aff4e9ec5a38682c8818d8b
      size: 1625
  original:
    hackage: glib-0.13.10.0
- completed:
    hackage: gtk2hs-buildtools-0.13.10.0@sha256:ae8d2779835e29eb72f2ab1697901dba23adc45ccf197c7a51daaa5056869644,5305
    pantry-tree:
      sha256: 059d57676c2557bbf31c93189fb983ae0a7747fec8830395f88f4badfb90c12d
      size: 3588
  original:
    hackage: gtk2hs-buildtools-0.13.10.0
- completed:
    hackage: magic-1.1@sha256:3a31ca1c49fa5f6a857f647471739bd240a6020af6ae43e71fb72201fc482fa2,928
    pantry-tree:
      sha256: 8fd594932f36cdf6a93266c48248a6c516d2aa237cd023eed6935ccee7ed230b
      size: 535
  original:
    hackage: magic-1.1
- completed:
    hackage: plot-0.2.3.11@sha256:9564d62da798b74a5ab875996f45adf1c3071e161247faa9a9d1b036e6634a4a,4413
    pantry-tree:
      sha256: 2b9cb15fa582d3cdc9f43e6ffaf401e36535909b3620c5f54bd9b7cca5dfeb44
      size: 2704
  original:
    hackage: plot-0.2.3.11
- completed:
    hackage: vinyl-0.13.0@sha256:0f247cd3f8682b30881a07de18e6fec52d540646fbcb328420049cc8d63cd407,3724
    pantry-tree:
      sha256: 860fb95820b595161cdbdec5f376100ebae2d14e5ef0dbe311546202f7525d01
      size: 1857
  original:
    hackage: vinyl-0.13.0
snapshots:
- completed:
    sha256: 637fb77049b25560622a224845b7acfe81a09fdb6a96a3c75997a10b651667f6
    size: 534126
    url: https://raw.githubusercontent.com/commercialhaskell/stackage-snapshots/master/lts/16/31.yaml
  original: lts-16.31
