# This file was autogenerated by Stack.
# You should not edit this file by hand.
# For more information, please see the documentation at:
#   https://docs.haskellstack.org/en/stable/lock_files

packages:
- completed:
    hackage: static-canvas-0.2.0.3@sha256:3ad170c6efbd26b981fe66f4c4a85e515c200c675e3f2c6603da7d64e84bc8f5,1768
    pantry-tree:
      sha256: b61e591e6028dc284ed5ed22f9bab9fcfe9034288741dcc26d0eae79b140031c
      size: 563
  original:
    hackage: static-canvas-0.2.0.3
- completed:
    hackage: diagrams-1.4@sha256:3e36369e84115b900fd9dcb570672a188339a470eb19ca62170775cd835cf8ca,5483
    pantry-tree:
      sha256: 8f2ea432c67f4711446942e032be53ed7dc49c1b1dd7d26ff71fbd4d05a02c4d
      size: 208
  original:
    hackage: diagrams-1.4
- completed:
    hackage: diagrams-cairo-1.4@sha256:268fc389290424fbb0c4c207e4e09cb1ef7e652269ea63cd3d746da2f8a041c0,3869
    pantry-tree:
      sha256: f94fe112eeb6d0b1be6af93c56bfe8f16d0ea63a99b50c9aa38476a8363ae420
      size: 721
  original:
    hackage: diagrams-cairo-1.4
- completed:
    hackage: diagrams-lib-1.4.2@sha256:3ac3821d32a87501328c34d9f4f6ee1ee7b50c3a3ca0ddf4c6beeb1fa847313b,8104
    pantry-tree:
      sha256: 5d375f02f07a6fea645becec4f94c0ff5866791168cbdb632eccc8c7c3f01eb3
      size: 11529
  original:
    hackage: diagrams-lib-1.4.2
- completed:
    hackage: magic-1.1@sha256:3a31ca1c49fa5f6a857f647471739bd240a6020af6ae43e71fb72201fc482fa2,928
    pantry-tree:
      sha256: 8fd594932f36cdf6a93266c48248a6c516d2aa237cd023eed6935ccee7ed230b
      size: 535
  original:
    hackage: magic-1.1
- completed:
    hackage: diagrams-contrib-1.4.2.1@sha256:553feab6969b3a65169bce2a548fb415b0e617baae9f72324a373030a825fc0a,4501
    pantry-tree:
      sha256: f803b132eceba65ef98425d1205c0031183660c60c44d52e2bea43d221c61328
      size: 10858
  original:
    hackage: diagrams-contrib-1.4.2.1
- completed:
    hackage: diagrams-core-1.4.0.1@sha256:a60809ab07c9977d0c6fbbaeeabaa6df44e751b6c9ef2cd1a9b1beb1e9c87c37,2888
    pantry-tree:
      sha256: 45703e055dcfbc3c26939fddb6fe8bdf0b271f8d0992fd7f6ce1d366f190e519
      size: 2018
  original:
    hackage: diagrams-core-1.4.0.1
- completed:
    hackage: diagrams-solve-0.1.1@sha256:8ed66891bb42f9cd5e77b02a0f8ebaa91a2363a82a007313f90c7f57806688fa,1713
    pantry-tree:
      sha256: eb09d6fe6c342061bc83bbdbe702692eae33b7d7e691a29e7112499a537494d3
      size: 469
  original:
    hackage: diagrams-solve-0.1.1
- completed:
    hackage: diagrams-svg-1.4.1.1@sha256:a33bc07c73d4051230203a7bdbebbbdc4d5011c0efaa3fef9cb9afa65e120119,3104
    pantry-tree:
      sha256: 63a3f42f4866fa6cd954456c3ac5e58337fba4ba0bd383bd375751932a366c4c
      size: 475
  original:
    hackage: diagrams-svg-1.4.1.1
- completed:
    hackage: dual-tree-0.2.1@sha256:842d3190984106fac7980a7320568b2dcd4145460a9299a05c8d078d4a79de58,2686
    pantry-tree:
      sha256: f7efa5a7dbdbb70d4df51c299c27ba1909a86f02717a4a9e952dcaeb73f0fb31
      size: 387
  original:
    hackage: dual-tree-0.2.1
- completed:
    hackage: cubicbezier-0.6.0.5@sha256:a0e96070684203c828882d709e165f6adc89aa8e2ffd482bd14184df73c365f7,2293
    pantry-tree:
      sha256: 083acda7f3f4516f509ee85bc7ffd9aa91b2b0f3f40e3ccdeb94cc7f465ef82a
      size: 1029
  original:
    hackage: cubicbezier-0.6.0.5
- completed:
    hackage: mfsolve-0.3.2.0@sha256:b63176f6adeb4ffa021a7c67211aa46ab101715cc592adaade1233cc92a45342,1196
    pantry-tree:
      sha256: d200c397b5770a9d8161fb023d4d0f13aa65b3d5953845f6449b4132bfb46168
      size: 262
  original:
    hackage: mfsolve-0.3.2.0
- completed:
    hackage: fast-math-1.0.2@sha256:91181eb836e54413cc5a841e797c42b2264954e893ea530b6fc4da0dccf6a8b7,1387
    pantry-tree:
      sha256: f22194924e26d3a27faef9cc9943ebb703c508d8ee9c9c7507618e39d62853af
      size: 421
  original:
    hackage: fast-math-1.0.2
snapshots:
- completed:
    sha256: 341870ac98d8a9f8f77c4adf2e9e0b22063e264a7fbeb4c85b7af5f380dac60e
    size: 527836
    url: https://raw.githubusercontent.com/commercialhaskell/stackage-snapshots/master/lts/11/22.yaml
  original: lts-11.22
