# This file was autogenerated by Stack.
# You should not edit this file by hand.
# For more information, please see the documentation at:
#   https://docs.haskellstack.org/en/stable/lock_files

packages:
- completed:
    hackage: Chart-cairo-1.9.3@sha256:5d6f005b5d3d74453a979eb2c6a1777c92ce02eae9e019abbe03a0e008cb8aea,924
    pantry-tree:
      sha256: 204f29235d182cc8c8ab40d0a37387e78c1dadc684e190c85e1643521483e681
      size: 238
  original:
    hackage: Chart-cairo-1.9.3
snapshots:
- completed:
    sha256: 7d4b649cf368f9076d8aa049aa44efe58950971d105892734e9957b2a26a2186
    size: 640060
    url: https://raw.githubusercontent.com/commercialhaskell/stackage-snapshots/master/lts/21/21.yaml
  original: lts-21.21
